// !$*UTF8*$!
{
	archiveVersion = 1;
	classes = {
	};
	objectVersion = 46;
	objects = {

/* Begin PBXBuildFile section */
		7411DFC01CEB564B00F7C97B /* QQMusicMessageModel.swift in Sources */ = {isa = PBXBuildFile; fileRef = 7411DFBF1CEB564B00F7C97B /* QQMusicMessageModel.swift */; };
		7411DFC21CEB599C00F7C97B /* QQTimeTool.swift in Sources */ = {isa = PBXBuildFile; fileRef = 7411DFC11CEB599C00F7C97B /* QQTimeTool.swift */; };
		747185B01CEC115C00EDF4A5 /* QQImageTool.swift in Sources */ = {isa = PBXBuildFile; fileRef = 747185AF1CEC115C00EDF4A5 /* QQImageTool.swift */; };
		7483607B1CEBFEDE00D54EC2 /* QQLrcLabel.swift in Sources */ = {isa = PBXBuildFile; fileRef = 7483607A1CEBFEDE00D54EC2 /* QQLrcLabel.swift */; };
		74D483551CE9E96900EA93E6 /* AppDelegate.swift in Sources */ = {isa = PBXBuildFile; fileRef = 74D483541CE9E96900EA93E6 /* AppDelegate.swift */; };
		74D4835A1CE9E96900EA93E6 /* Main.storyboard in Resources */ = {isa = PBXBuildFile; fileRef = 74D483581CE9E96900EA93E6 /* Main.storyboard */; };
		74D4835C1CE9E96900EA93E6 /* Assets.xcassets in Resources */ = {isa = PBXBuildFile; fileRef = 74D4835B1CE9E96900EA93E6 /* Assets.xcassets */; };
		74D4835F1CE9E96900EA93E6 /* LaunchScreen.storyboard in Resources */ = {isa = PBXBuildFile; fileRef = 74D4835D1CE9E96900EA93E6 /* LaunchScreen.storyboard */; };
		74D483741CE9EB1800EA93E6 /* QQListTVC.swift in Sources */ = {isa = PBXBuildFile; fileRef = 74D483731CE9EB1800EA93E6 /* QQListTVC.swift */; };
		74D483761CE9EB3200EA93E6 /* QQDetailVC.swift in Sources */ = {isa = PBXBuildFile; fileRef = 74D483751CE9EB3200EA93E6 /* QQDetailVC.swift */; };
		74D483A41CE9EF2200EA93E6 /* bb@2x.jpg in Resources */ = {isa = PBXBuildFile; fileRef = 74D483791CE9EF2200EA93E6 /* bb@2x.jpg */; };
		74D483A51CE9EF2200EA93E6 /* bb_icon@2x.jpg in Resources */ = {isa = PBXBuildFile; fileRef = 74D4837A1CE9EF2200EA93E6 /* bb_icon@2x.jpg */; };
		74D483A61CE9EF2200EA93E6 /* dzq@2x.jpg in Resources */ = {isa = PBXBuildFile; fileRef = 74D4837B1CE9EF2200EA93E6 /* dzq@2x.jpg */; };
		74D483A71CE9EF2200EA93E6 /* dzq_icon@2x.jpg in Resources */ = {isa = PBXBuildFile; fileRef = 74D4837C1CE9EF2200EA93E6 /* dzq_icon@2x.jpg */; };
		74D483A81CE9EF2200EA93E6 /* eason@2x.jpg in Resources */ = {isa = PBXBuildFile; fileRef = 74D4837D1CE9EF2200EA93E6 /* eason@2x.jpg */; };
		74D483A91CE9EF2200EA93E6 /* eason_icon@2x.jpg in Resources */ = {isa = PBXBuildFile; fileRef = 74D4837E1CE9EF2200EA93E6 /* eason_icon@2x.jpg */; };
		74D483AA1CE9EF2200EA93E6 /* jay@2x.jpg in Resources */ = {isa = PBXBuildFile; fileRef = 74D4837F1CE9EF2200EA93E6 /* jay@2x.jpg */; };
		74D483AB1CE9EF2200EA93E6 /* jay_icon@2x.png in Resources */ = {isa = PBXBuildFile; fileRef = 74D483801CE9EF2200EA93E6 /* jay_icon@2x.png */; };
		74D483AC1CE9EF2200EA93E6 /* jj@2x.jpg in Resources */ = {isa = PBXBuildFile; fileRef = 74D483811CE9EF2200EA93E6 /* jj@2x.jpg */; };
		74D483AD1CE9EF2200EA93E6 /* jj_icon@2x.png in Resources */ = {isa = PBXBuildFile; fileRef = 74D483821CE9EF2200EA93E6 /* jj_icon@2x.png */; };
		74D483AE1CE9EF2200EA93E6 /* kzxd@2x.jpg in Resources */ = {isa = PBXBuildFile; fileRef = 74D483831CE9EF2200EA93E6 /* kzxd@2x.jpg */; };
		74D483AF1CE9EF2200EA93E6 /* kzxd_icon@2x.jpg in Resources */ = {isa = PBXBuildFile; fileRef = 74D483841CE9EF2200EA93E6 /* kzxd_icon@2x.jpg */; };
		74D483B01CE9EF2200EA93E6 /* lkq@2x.jpg in Resources */ = {isa = PBXBuildFile; fileRef = 74D483851CE9EF2200EA93E6 /* lkq@2x.jpg */; };
		74D483B11CE9EF2200EA93E6 /* lkq_icon@2x.jpg in Resources */ = {isa = PBXBuildFile; fileRef = 74D483861CE9EF2200EA93E6 /* lkq_icon@2x.jpg */; };
		74D483B21CE9EF2200EA93E6 /* nanquan@2x.jpg in Resources */ = {isa = PBXBuildFile; fileRef = 74D483871CE9EF2200EA93E6 /* nanquan@2x.jpg */; };
		74D483B31CE9EF2200EA93E6 /* nanquan_icon@2x.jpg in Resources */ = {isa = PBXBuildFile; fileRef = 74D483881CE9EF2200EA93E6 /* nanquan_icon@2x.jpg */; };
		74D483B41CE9EF2200EA93E6 /* wf@2x.jpg in Resources */ = {isa = PBXBuildFile; fileRef = 74D483891CE9EF2200EA93E6 /* wf@2x.jpg */; };
		74D483B51CE9EF2200EA93E6 /* wf_icon@2x.jpg in Resources */ = {isa = PBXBuildFile; fileRef = 74D4838A1CE9EF2200EA93E6 /* wf_icon@2x.jpg */; };
		74D483B61CE9EF2200EA93E6 /* zxy@2x.jpg in Resources */ = {isa = PBXBuildFile; fileRef = 74D4838B1CE9EF2200EA93E6 /* zxy@2x.jpg */; };
		74D483B71CE9EF2200EA93E6 /* zxy_icon@2x.jpg in Resources */ = {isa = PBXBuildFile; fileRef = 74D4838C1CE9EF2200EA93E6 /* zxy_icon@2x.jpg */; };
		74D483B81CE9EF2200EA93E6 /* 10405520.lrc in Resources */ = {isa = PBXBuildFile; fileRef = 74D4838E1CE9EF2200EA93E6 /* 10405520.lrc */; };
		74D483B91CE9EF2200EA93E6 /* 10736444.lrc in Resources */ = {isa = PBXBuildFile; fileRef = 74D4838F1CE9EF2200EA93E6 /* 10736444.lrc */; };
		74D483BA1CE9EF2200EA93E6 /* 120125029.lrc in Resources */ = {isa = PBXBuildFile; fileRef = 74D483901CE9EF2200EA93E6 /* 120125029.lrc */; };
		74D483BB1CE9EF2200EA93E6 /* 12309111.lrc in Resources */ = {isa = PBXBuildFile; fileRef = 74D483911CE9EF2200EA93E6 /* 12309111.lrc */; };
		74D483BC1CE9EF2200EA93E6 /* 14945107.lrc in Resources */ = {isa = PBXBuildFile; fileRef = 74D483921CE9EF2200EA93E6 /* 14945107.lrc */; };
		74D483BD1CE9EF2200EA93E6 /* 235319.lrc in Resources */ = {isa = PBXBuildFile; fileRef = 74D483931CE9EF2200EA93E6 /* 235319.lrc */; };
		74D483BE1CE9EF2200EA93E6 /* 255319.lrc in Resources */ = {isa = PBXBuildFile; fileRef = 74D483941CE9EF2200EA93E6 /* 255319.lrc */; };
		74D483BF1CE9EF2200EA93E6 /* 309769.lrc in Resources */ = {isa = PBXBuildFile; fileRef = 74D483951CE9EF2200EA93E6 /* 309769.lrc */; };
		74D483C01CE9EF2200EA93E6 /* 339744.lrc in Resources */ = {isa = PBXBuildFile; fileRef = 74D483961CE9EF2200EA93E6 /* 339744.lrc */; };
		74D483C11CE9EF2200EA93E6 /* 月半小夜曲.lrc in Resources */ = {isa = PBXBuildFile; fileRef = 74D483971CE9EF2200EA93E6 /* 月半小夜曲.lrc */; };
		74D483C21CE9EF2200EA93E6 /* 10405520.mp3 in Resources */ = {isa = PBXBuildFile; fileRef = 74D483991CE9EF2200EA93E6 /* 10405520.mp3 */; };
		74D483C31CE9EF2200EA93E6 /* 10736444.mp3 in Resources */ = {isa = PBXBuildFile; fileRef = 74D4839A1CE9EF2200EA93E6 /* 10736444.mp3 */; };
		74D483C41CE9EF2200EA93E6 /* 1201111234.mp3 in Resources */ = {isa = PBXBuildFile; fileRef = 74D4839B1CE9EF2200EA93E6 /* 1201111234.mp3 */; };
		74D483C51CE9EF2200EA93E6 /* 120125029.mp3 in Resources */ = {isa = PBXBuildFile; fileRef = 74D4839C1CE9EF2200EA93E6 /* 120125029.mp3 */; };
		74D483C61CE9EF2200EA93E6 /* 12309111.mp3 in Resources */ = {isa = PBXBuildFile; fileRef = 74D4839D1CE9EF2200EA93E6 /* 12309111.mp3 */; };
		74D483C71CE9EF2200EA93E6 /* 14945107.mp3 in Resources */ = {isa = PBXBuildFile; fileRef = 74D4839E1CE9EF2200EA93E6 /* 14945107.mp3 */; };
		74D483C81CE9EF2200EA93E6 /* 235319.mp3 in Resources */ = {isa = PBXBuildFile; fileRef = 74D4839F1CE9EF2200EA93E6 /* 235319.mp3 */; };
		74D483C91CE9EF2200EA93E6 /* 255319.mp3 in Resources */ = {isa = PBXBuildFile; fileRef = 74D483A01CE9EF2200EA93E6 /* 255319.mp3 */; };
		74D483CA1CE9EF2200EA93E6 /* 309769.mp3 in Resources */ = {isa = PBXBuildFile; fileRef = 74D483A11CE9EF2200EA93E6 /* 309769.mp3 */; };
		74D483CB1CE9EF2200EA93E6 /* 339744.mp3 in Resources */ = {isa = PBXBuildFile; fileRef = 74D483A21CE9EF2200EA93E6 /* 339744.mp3 */; };
		74D483CC1CE9EF2200EA93E6 /* Musics.plist in Resources */ = {isa = PBXBuildFile; fileRef = 74D483A31CE9EF2200EA93E6 /* Musics.plist */; };
		74D483CE1CE9EFA600EA93E6 /* QQMusicModel.swift in Sources */ = {isa = PBXBuildFile; fileRef = 74D483CD1CE9EFA600EA93E6 /* QQMusicModel.swift */; };
		74D483D01CE9EFB800EA93E6 /* QQMusicDataTool.swift in Sources */ = {isa = PBXBuildFile; fileRef = 74D483CF1CE9EFB800EA93E6 /* QQMusicDataTool.swift */; };
		74D483D21CE9F7ED00EA93E6 /* QQListBack.jpg in Resources */ = {isa = PBXBuildFile; fileRef = 74D483D11CE9F7ED00EA93E6 /* QQListBack.jpg */; };
		74D483D61CE9FD0800EA93E6 /* UIView+Extension.m in Sources */ = {isa = PBXBuildFile; fileRef = 74D483D51CE9FD0800EA93E6 /* UIView+Extension.m */; };
		74D483D91CE9FD7500EA93E6 /* QQMusicListCell.swift in Sources */ = {isa = PBXBuildFile; fileRef = 74D483D71CE9FD7500EA93E6 /* QQMusicListCell.swift */; };
		74D483DA1CE9FD7500EA93E6 /* QQMusicListCell.xib in Resources */ = {isa = PBXBuildFile; fileRef = 74D483D81CE9FD7500EA93E6 /* QQMusicListCell.xib */; };
		74D483FC1CEA27BA00EA93E6 /* QQMusicTool.swift in Sources */ = {isa = PBXBuildFile; fileRef = 74D483FB1CEA27BA00EA93E6 /* QQMusicTool.swift */; };
		74D483FE1CEA29BB00EA93E6 /* QQMusicOperationTool.swift in Sources */ = {isa = PBXBuildFile; fileRef = 74D483FD1CEA29BB00EA93E6 /* QQMusicOperationTool.swift */; };
		74E0E4FB1CEB674300C4F554 /* CALayer+sz.swift in Sources */ = {isa = PBXBuildFile; fileRef = 74E0E4FA1CEB674300C4F554 /* CALayer+sz.swift */; };
		74E0E4FD1CEB6A4600C4F554 /* QQLrcTVC.swift in Sources */ = {isa = PBXBuildFile; fileRef = 74E0E4FC1CEB6A4600C4F554 /* QQLrcTVC.swift */; };
		74E0E4FF1CEB6B2800C4F554 /* QQLrcModel.swift in Sources */ = {isa = PBXBuildFile; fileRef = 74E0E4FE1CEB6B2800C4F554 /* QQLrcModel.swift */; };
		74E0E5011CEB6BBE00C4F554 /* QQLrcDataTool.swift in Sources */ = {isa = PBXBuildFile; fileRef = 74E0E5001CEB6BBE00C4F554 /* QQLrcDataTool.swift */; };
		74E0E5061CEB6D5E00C4F554 /* QQLrcCell.swift in Sources */ = {isa = PBXBuildFile; fileRef = 74E0E5041CEB6D5E00C4F554 /* QQLrcCell.swift */; };
		74E0E5071CEB6D5E00C4F554 /* QQLrcCell.xib in Resources */ = {isa = PBXBuildFile; fileRef = 74E0E5051CEB6D5E00C4F554 /* QQLrcCell.xib */; };
/* End PBXBuildFile section */

/* Begin PBXFileReference section */
		7411DFBF1CEB564B00F7C97B /* QQMusicMessageModel.swift */ = {isa = PBXFileReference; fileEncoding = 4; lastKnownFileType = sourcecode.swift; path = QQMusicMessageModel.swift; sourceTree = "<group>"; };
		7411DFC11CEB599C00F7C97B /* QQTimeTool.swift */ = {isa = PBXFileReference; fileEncoding = 4; lastKnownFileType = sourcecode.swift; path = QQTimeTool.swift; sourceTree = "<group>"; };
		747185AF1CEC115C00EDF4A5 /* QQImageTool.swift */ = {isa = PBXFileReference; fileEncoding = 4; lastKnownFileType = sourcecode.swift; path = QQImageTool.swift; sourceTree = "<group>"; };
		7483607A1CEBFEDE00D54EC2 /* QQLrcLabel.swift */ = {isa = PBXFileReference; fileEncoding = 4; lastKnownFileType = sourcecode.swift; name = QQLrcLabel.swift; path = ../../QQList/View/QQLrcLabel.swift; sourceTree = "<group>"; };
		74D483511CE9E96900EA93E6 /* QQMusic.app */ = {isa = PBXFileReference; explicitFileType = wrapper.application; includeInIndex = 0; path = QQMusic.app; sourceTree = BUILT_PRODUCTS_DIR; };
		74D483541CE9E96900EA93E6 /* AppDelegate.swift */ = {isa = PBXFileReference; lastKnownFileType = sourcecode.swift; name = AppDelegate.swift; path = ../../../AppDelegate.swift; sourceTree = "<group>"; };
		74D483591CE9E96900EA93E6 /* Base */ = {isa = PBXFileReference; lastKnownFileType = file.storyboard; name = Base; path = Base.lproj/Main.storyboard; sourceTree = "<group>"; };
		74D4835B1CE9E96900EA93E6 /* Assets.xcassets */ = {isa = PBXFileReference; lastKnownFileType = folder.assetcatalog; path = Assets.xcassets; sourceTree = "<group>"; };
		74D4835E1CE9E96900EA93E6 /* Base */ = {isa = PBXFileReference; lastKnownFileType = file.storyboard; name = Base; path = Base.lproj/LaunchScreen.storyboard; sourceTree = "<group>"; };
		74D483601CE9E96900EA93E6 /* Info.plist */ = {isa = PBXFileReference; lastKnownFileType = text.plist.xml; path = Info.plist; sourceTree = "<group>"; };
		74D483731CE9EB1800EA93E6 /* QQListTVC.swift */ = {isa = PBXFileReference; fileEncoding = 4; lastKnownFileType = sourcecode.swift; path = QQListTVC.swift; sourceTree = "<group>"; };
		74D483751CE9EB3200EA93E6 /* QQDetailVC.swift */ = {isa = PBXFileReference; fileEncoding = 4; lastKnownFileType = sourcecode.swift; path = QQDetailVC.swift; sourceTree = "<group>"; };
		74D483791CE9EF2200EA93E6 /* bb@2x.jpg */ = {isa = PBXFileReference; lastKnownFileType = image.jpeg; path = "bb@2x.jpg"; sourceTree = "<group>"; };
		74D4837A1CE9EF2200EA93E6 /* bb_icon@2x.jpg */ = {isa = PBXFileReference; lastKnownFileType = image.jpeg; path = "bb_icon@2x.jpg"; sourceTree = "<group>"; };
		74D4837B1CE9EF2200EA93E6 /* dzq@2x.jpg */ = {isa = PBXFileReference; lastKnownFileType = image.jpeg; path = "dzq@2x.jpg"; sourceTree = "<group>"; };
		74D4837C1CE9EF2200EA93E6 /* dzq_icon@2x.jpg */ = {isa = PBXFileReference; lastKnownFileType = image.jpeg; path = "dzq_icon@2x.jpg"; sourceTree = "<group>"; };
		74D4837D1CE9EF2200EA93E6 /* eason@2x.jpg */ = {isa = PBXFileReference; lastKnownFileType = image.jpeg; path = "eason@2x.jpg"; sourceTree = "<group>"; };
		74D4837E1CE9EF2200EA93E6 /* eason_icon@2x.jpg */ = {isa = PBXFileReference; lastKnownFileType = image.jpeg; path = "eason_icon@2x.jpg"; sourceTree = "<group>"; };
		74D4837F1CE9EF2200EA93E6 /* jay@2x.jpg */ = {isa = PBXFileReference; lastKnownFileType = image.jpeg; path = "jay@2x.jpg"; sourceTree = "<group>"; };
		74D483801CE9EF2200EA93E6 /* jay_icon@2x.png */ = {isa = PBXFileReference; lastKnownFileType = image.png; path = "jay_icon@2x.png"; sourceTree = "<group>"; };
		74D483811CE9EF2200EA93E6 /* jj@2x.jpg */ = {isa = PBXFileReference; lastKnownFileType = image.jpeg; path = "jj@2x.jpg"; sourceTree = "<group>"; };
		74D483821CE9EF2200EA93E6 /* jj_icon@2x.png */ = {isa = PBXFileReference; lastKnownFileType = image.png; path = "jj_icon@2x.png"; sourceTree = "<group>"; };
		74D483831CE9EF2200EA93E6 /* kzxd@2x.jpg */ = {isa = PBXFileReference; lastKnownFileType = image.jpeg; path = "kzxd@2x.jpg"; sourceTree = "<group>"; };
		74D483841CE9EF2200EA93E6 /* kzxd_icon@2x.jpg */ = {isa = PBXFileReference; lastKnownFileType = image.jpeg; path = "kzxd_icon@2x.jpg"; sourceTree = "<group>"; };
		74D483851CE9EF2200EA93E6 /* lkq@2x.jpg */ = {isa = PBXFileReference; lastKnownFileType = image.jpeg; path = "lkq@2x.jpg"; sourceTree = "<group>"; };
		74D483861CE9EF2200EA93E6 /* lkq_icon@2x.jpg */ = {isa = PBXFileReference; lastKnownFileType = image.jpeg; path = "lkq_icon@2x.jpg"; sourceTree = "<group>"; };
		74D483871CE9EF2200EA93E6 /* nanquan@2x.jpg */ = {isa = PBXFileReference; lastKnownFileType = image.jpeg; path = "nanquan@2x.jpg"; sourceTree = "<group>"; };
		74D483881CE9EF2200EA93E6 /* nanquan_icon@2x.jpg */ = {isa = PBXFileReference; lastKnownFileType = image.jpeg; path = "nanquan_icon@2x.jpg"; sourceTree = "<group>"; };
		74D483891CE9EF2200EA93E6 /* wf@2x.jpg */ = {isa = PBXFileReference; lastKnownFileType = image.jpeg; path = "wf@2x.jpg"; sourceTree = "<group>"; };
		74D4838A1CE9EF2200EA93E6 /* wf_icon@2x.jpg */ = {isa = PBXFileReference; lastKnownFileType = image.jpeg; path = "wf_icon@2x.jpg"; sourceTree = "<group>"; };
		74D4838B1CE9EF2200EA93E6 /* zxy@2x.jpg */ = {isa = PBXFileReference; lastKnownFileType = image.jpeg; path = "zxy@2x.jpg"; sourceTree = "<group>"; };
		74D4838C1CE9EF2200EA93E6 /* zxy_icon@2x.jpg */ = {isa = PBXFileReference; lastKnownFileType = image.jpeg; path = "zxy_icon@2x.jpg"; sourceTree = "<group>"; };
		74D4838E1CE9EF2200EA93E6 /* 10405520.lrc */ = {isa = PBXFileReference; fileEncoding = 4; lastKnownFileType = text; path = 10405520.lrc; sourceTree = "<group>"; };
		74D4838F1CE9EF2200EA93E6 /* 10736444.lrc */ = {isa = PBXFileReference; fileEncoding = 4; lastKnownFileType = text; path = 10736444.lrc; sourceTree = "<group>"; };
		74D483901CE9EF2200EA93E6 /* 120125029.lrc */ = {isa = PBXFileReference; fileEncoding = 4; lastKnownFileType = text; path = 120125029.lrc; sourceTree = "<group>"; };
		74D483911CE9EF2200EA93E6 /* 12309111.lrc */ = {isa = PBXFileReference; fileEncoding = 4; lastKnownFileType = text; path = 12309111.lrc; sourceTree = "<group>"; };
		74D483921CE9EF2200EA93E6 /* 14945107.lrc */ = {isa = PBXFileReference; fileEncoding = 4; lastKnownFileType = text; path = 14945107.lrc; sourceTree = "<group>"; };
		74D483931CE9EF2200EA93E6 /* 235319.lrc */ = {isa = PBXFileReference; fileEncoding = 4; lastKnownFileType = text; path = 235319.lrc; sourceTree = "<group>"; };
		74D483941CE9EF2200EA93E6 /* 255319.lrc */ = {isa = PBXFileReference; fileEncoding = 4; lastKnownFileType = text; path = 255319.lrc; sourceTree = "<group>"; };
		74D483951CE9EF2200EA93E6 /* 309769.lrc */ = {isa = PBXFileReference; fileEncoding = 4; lastKnownFileType = text; path = 309769.lrc; sourceTree = "<group>"; };
		74D483961CE9EF2200EA93E6 /* 339744.lrc */ = {isa = PBXFileReference; fileEncoding = 4; lastKnownFileType = text; path = 339744.lrc; sourceTree = "<group>"; };
		74D483971CE9EF2200EA93E6 /* 月半小夜曲.lrc */ = {isa = PBXFileReference; fileEncoding = 4; lastKnownFileType = text; path = "月半小夜曲.lrc"; sourceTree = "<group>"; };
		74D483991CE9EF2200EA93E6 /* 10405520.mp3 */ = {isa = PBXFileReference; lastKnownFileType = audio.mp3; path = 10405520.mp3; sourceTree = "<group>"; };
		74D4839A1CE9EF2200EA93E6 /* 10736444.mp3 */ = {isa = PBXFileReference; lastKnownFileType = audio.mp3; path = 10736444.mp3; sourceTree = "<group>"; };
		74D4839B1CE9EF2200EA93E6 /* 1201111234.mp3 */ = {isa = PBXFileReference; lastKnownFileType = audio.mp3; path = 1201111234.mp3; sourceTree = "<group>"; };
		74D4839C1CE9EF2200EA93E6 /* 120125029.mp3 */ = {isa = PBXFileReference; lastKnownFileType = audio.mp3; path = 120125029.mp3; sourceTree = "<group>"; };
		74D4839D1CE9EF2200EA93E6 /* 12309111.mp3 */ = {isa = PBXFileReference; lastKnownFileType = audio.mp3; path = 12309111.mp3; sourceTree = "<group>"; };
		74D4839E1CE9EF2200EA93E6 /* 14945107.mp3 */ = {isa = PBXFileReference; lastKnownFileType = audio.mp3; path = 14945107.mp3; sourceTree = "<group>"; };
		74D4839F1CE9EF2200EA93E6 /* 235319.mp3 */ = {isa = PBXFileReference; lastKnownFileType = audio.mp3; path = 235319.mp3; sourceTree = "<group>"; };
		74D483A01CE9EF2200EA93E6 /* 255319.mp3 */ = {isa = PBXFileReference; lastKnownFileType = audio.mp3; path = 255319.mp3; sourceTree = "<group>"; };
		74D483A11CE9EF2200EA93E6 /* 309769.mp3 */ = {isa = PBXFileReference; lastKnownFileType = audio.mp3; path = 309769.mp3; sourceTree = "<group>"; };
		74D483A21CE9EF2200EA93E6 /* 339744.mp3 */ = {isa = PBXFileReference; lastKnownFileType = audio.mp3; path = 339744.mp3; sourceTree = "<group>"; };
		74D483A31CE9EF2200EA93E6 /* Musics.plist */ = {isa = PBXFileReference; fileEncoding = 4; lastKnownFileType = text.plist.xml; path = Musics.plist; sourceTree = "<group>"; };
		74D483CD1CE9EFA600EA93E6 /* QQMusicModel.swift */ = {isa = PBXFileReference; fileEncoding = 4; lastKnownFileType = sourcecode.swift; path = QQMusicModel.swift; sourceTree = "<group>"; };
		74D483CF1CE9EFB800EA93E6 /* QQMusicDataTool.swift */ = {isa = PBXFileReference; fileEncoding = 4; lastKnownFileType = sourcecode.swift; path = QQMusicDataTool.swift; sourceTree = "<group>"; };
		74D483D11CE9F7ED00EA93E6 /* QQListBack.jpg */ = {isa = PBXFileReference; lastKnownFileType = image.jpeg; path = QQListBack.jpg; sourceTree = "<group>"; };
		74D483D31CE9FD0700EA93E6 /* QQMusic-Bridging-Header.h */ = {isa = PBXFileReference; lastKnownFileType = sourcecode.c.h; path = "QQMusic-Bridging-Header.h"; sourceTree = "<group>"; };
		74D483D41CE9FD0800EA93E6 /* UIView+Extension.h */ = {isa = PBXFileReference; fileEncoding = 4; lastKnownFileType = sourcecode.c.h; path = "UIView+Extension.h"; sourceTree = "<group>"; };
		74D483D51CE9FD0800EA93E6 /* UIView+Extension.m */ = {isa = PBXFileReference; fileEncoding = 4; lastKnownFileType = sourcecode.c.objc; path = "UIView+Extension.m"; sourceTree = "<group>"; };
		74D483D71CE9FD7500EA93E6 /* QQMusicListCell.swift */ = {isa = PBXFileReference; fileEncoding = 4; lastKnownFileType = sourcecode.swift; path = QQMusicListCell.swift; sourceTree = "<group>"; };
		74D483D81CE9FD7500EA93E6 /* QQMusicListCell.xib */ = {isa = PBXFileReference; fileEncoding = 4; lastKnownFileType = file.xib; path = QQMusicListCell.xib; sourceTree = "<group>"; };
		74D483FB1CEA27BA00EA93E6 /* QQMusicTool.swift */ = {isa = PBXFileReference; fileEncoding = 4; lastKnownFileType = sourcecode.swift; path = QQMusicTool.swift; sourceTree = "<group>"; };
		74D483FD1CEA29BB00EA93E6 /* QQMusicOperationTool.swift */ = {isa = PBXFileReference; fileEncoding = 4; lastKnownFileType = sourcecode.swift; path = QQMusicOperationTool.swift; sourceTree = "<group>"; };
		74E0E4FA1CEB674300C4F554 /* CALayer+sz.swift */ = {isa = PBXFileReference; fileEncoding = 4; lastKnownFileType = sourcecode.swift; path = "CALayer+sz.swift"; sourceTree = "<group>"; };
		74E0E4FC1CEB6A4600C4F554 /* QQLrcTVC.swift */ = {isa = PBXFileReference; fileEncoding = 4; lastKnownFileType = sourcecode.swift; path = QQLrcTVC.swift; sourceTree = "<group>"; };
		74E0E4FE1CEB6B2800C4F554 /* QQLrcModel.swift */ = {isa = PBXFileReference; fileEncoding = 4; lastKnownFileType = sourcecode.swift; path = QQLrcModel.swift; sourceTree = "<group>"; };
		74E0E5001CEB6BBE00C4F554 /* QQLrcDataTool.swift */ = {isa = PBXFileReference; fileEncoding = 4; lastKnownFileType = sourcecode.swift; path = QQLrcDataTool.swift; sourceTree = "<group>"; };
		74E0E5041CEB6D5E00C4F554 /* QQLrcCell.swift */ = {isa = PBXFileReference; fileEncoding = 4; lastKnownFileType = sourcecode.swift; path = QQLrcCell.swift; sourceTree = "<group>"; };
		74E0E5051CEB6D5E00C4F554 /* QQLrcCell.xib */ = {isa = PBXFileReference; fileEncoding = 4; lastKnownFileType = file.xib; path = QQLrcCell.xib; sourceTree = "<group>"; };
/* End PBXFileReference section */

/* Begin PBXFrameworksBuildPhase section */
		74D4834E1CE9E96900EA93E6 /* Frameworks */ = {
			isa = PBXFrameworksBuildPhase;
			buildActionMask = 2147483647;
			files = (
			);
			runOnlyForDeploymentPostprocessing = 0;
		};
/* End PBXFrameworksBuildPhase section */

/* Begin PBXGroup section */
		74D483481CE9E96900EA93E6 = {
			isa = PBXGroup;
			children = (
				74D483531CE9E96900EA93E6 /* QQMusic */,
				74D483521CE9E96900EA93E6 /* Products */,
			);
			sourceTree = "<group>";
		};
		74D483521CE9E96900EA93E6 /* Products */ = {
			isa = PBXGroup;
			children = (
				74D483511CE9E96900EA93E6 /* QQMusic.app */,
			);
			name = Products;
			sourceTree = "<group>";
		};
		74D483531CE9E96900EA93E6 /* QQMusic */ = {
			isa = PBXGroup;
			children = (
				74D483661CE9EA7700EA93E6 /* Classes */,
				74D483581CE9E96900EA93E6 /* Main.storyboard */,
				74D4835B1CE9E96900EA93E6 /* Assets.xcassets */,
				74D483D11CE9F7ED00EA93E6 /* QQListBack.jpg */,
				74D4835D1CE9E96900EA93E6 /* LaunchScreen.storyboard */,
				74D483DB1CEA0F1500EA93E6 /* Resource */,
			);
			path = QQMusic;
			sourceTree = "<group>";
		};
		74D483661CE9EA7700EA93E6 /* Classes */ = {
			isa = PBXGroup;
			children = (
				74D4836F1CE9EA7700EA93E6 /* QQList */,
				74D4836B1CE9EA7700EA93E6 /* QQDetail */,
				74D483671CE9EA7700EA93E6 /* Other */,
			);
			path = Classes;
			sourceTree = "<group>";
		};
		74D483671CE9EA7700EA93E6 /* Other */ = {
			isa = PBXGroup;
			children = (
				74D483681CE9EA7700EA93E6 /* Category */,
				74D483691CE9EA7700EA93E6 /* System */,
				74D4836A1CE9EA7700EA93E6 /* Tool */,
			);
			path = Other;
			sourceTree = "<group>";
		};
		74D483681CE9EA7700EA93E6 /* Category */ = {
			isa = PBXGroup;
			children = (
				74D483D41CE9FD0800EA93E6 /* UIView+Extension.h */,
				74D483D51CE9FD0800EA93E6 /* UIView+Extension.m */,
				74D483D31CE9FD0700EA93E6 /* QQMusic-Bridging-Header.h */,
				74E0E4FA1CEB674300C4F554 /* CALayer+sz.swift */,
			);
			path = Category;
			sourceTree = "<group>";
		};
		74D483691CE9EA7700EA93E6 /* System */ = {
			isa = PBXGroup;
			children = (
				74D483541CE9E96900EA93E6 /* AppDelegate.swift */,
			);
			path = System;
			sourceTree = "<group>";
		};
		74D4836A1CE9EA7700EA93E6 /* Tool */ = {
			isa = PBXGroup;
			children = (
				74D483CF1CE9EFB800EA93E6 /* QQMusicDataTool.swift */,
				74E0E5001CEB6BBE00C4F554 /* QQLrcDataTool.swift */,
				74D483FB1CEA27BA00EA93E6 /* QQMusicTool.swift */,
				74D483FD1CEA29BB00EA93E6 /* QQMusicOperationTool.swift */,
				7411DFC11CEB599C00F7C97B /* QQTimeTool.swift */,
				747185AF1CEC115C00EDF4A5 /* QQImageTool.swift */,
			);
			path = Tool;
			sourceTree = "<group>";
		};
		74D4836B1CE9EA7700EA93E6 /* QQDetail */ = {
			isa = PBXGroup;
			children = (
				74D4836C1CE9EA7700EA93E6 /* Controller */,
				74D4836D1CE9EA7700EA93E6 /* Model */,
				74D4836E1CE9EA7700EA93E6 /* View */,
			);
			path = QQDetail;
			sourceTree = "<group>";
		};
		74D4836C1CE9EA7700EA93E6 /* Controller */ = {
			isa = PBXGroup;
			children = (
				74D483751CE9EB3200EA93E6 /* QQDetailVC.swift */,
				74E0E4FC1CEB6A4600C4F554 /* QQLrcTVC.swift */,
			);
			path = Controller;
			sourceTree = "<group>";
		};
		74D4836D1CE9EA7700EA93E6 /* Model */ = {
			isa = PBXGroup;
			children = (
				7411DFBF1CEB564B00F7C97B /* QQMusicMessageModel.swift */,
				74E0E4FE1CEB6B2800C4F554 /* QQLrcModel.swift */,
			);
			path = Model;
			sourceTree = "<group>";
		};
		74D4836E1CE9EA7700EA93E6 /* View */ = {
			isa = PBXGroup;
			children = (
				74E0E5041CEB6D5E00C4F554 /* QQLrcCell.swift */,
				74E0E5051CEB6D5E00C4F554 /* QQLrcCell.xib */,
				7483607A1CEBFEDE00D54EC2 /* QQLrcLabel.swift */,
			);
			path = View;
			sourceTree = "<group>";
		};
		74D4836F1CE9EA7700EA93E6 /* QQList */ = {
			isa = PBXGroup;
			children = (
				74D483701CE9EA7700EA93E6 /* Controller */,
				74D483711CE9EA7700EA93E6 /* Model */,
				74D483721CE9EA7700EA93E6 /* View */,
			);
			path = QQList;
			sourceTree = "<group>";
		};
		74D483701CE9EA7700EA93E6 /* Controller */ = {
			isa = PBXGroup;
			children = (
				74D483731CE9EB1800EA93E6 /* QQListTVC.swift */,
			);
			path = Controller;
			sourceTree = "<group>";
		};
		74D483711CE9EA7700EA93E6 /* Model */ = {
			isa = PBXGroup;
			children = (
				74D483CD1CE9EFA600EA93E6 /* QQMusicModel.swift */,
			);
			path = Model;
			sourceTree = "<group>";
		};
		74D483721CE9EA7700EA93E6 /* View */ = {
			isa = PBXGroup;
			children = (
				74D483D71CE9FD7500EA93E6 /* QQMusicListCell.swift */,
				74D483D81CE9FD7500EA93E6 /* QQMusicListCell.xib */,
			);
			path = View;
			sourceTree = "<group>";
		};
		74D483771CE9EF2200EA93E6 /* QQResources */ = {
			isa = PBXGroup;
			children = (
				74D483781CE9EF2200EA93E6 /* Images */,
				74D4838D1CE9EF2200EA93E6 /* Lrcs */,
				74D483981CE9EF2200EA93E6 /* MP3s */,
				74D483A31CE9EF2200EA93E6 /* Musics.plist */,
			);
			path = QQResources;
			sourceTree = "<group>";
		};
		74D483781CE9EF2200EA93E6 /* Images */ = {
			isa = PBXGroup;
			children = (
				74D483791CE9EF2200EA93E6 /* bb@2x.jpg */,
				74D4837A1CE9EF2200EA93E6 /* bb_icon@2x.jpg */,
				74D4837B1CE9EF2200EA93E6 /* dzq@2x.jpg */,
				74D4837C1CE9EF2200EA93E6 /* dzq_icon@2x.jpg */,
				74D4837D1CE9EF2200EA93E6 /* eason@2x.jpg */,
				74D4837E1CE9EF2200EA93E6 /* eason_icon@2x.jpg */,
				74D4837F1CE9EF2200EA93E6 /* jay@2x.jpg */,
				74D483801CE9EF2200EA93E6 /* jay_icon@2x.png */,
				74D483811CE9EF2200EA93E6 /* jj@2x.jpg */,
				74D483821CE9EF2200EA93E6 /* jj_icon@2x.png */,
				74D483831CE9EF2200EA93E6 /* kzxd@2x.jpg */,
				74D483841CE9EF2200EA93E6 /* kzxd_icon@2x.jpg */,
				74D483851CE9EF2200EA93E6 /* lkq@2x.jpg */,
				74D483861CE9EF2200EA93E6 /* lkq_icon@2x.jpg */,
				74D483871CE9EF2200EA93E6 /* nanquan@2x.jpg */,
				74D483881CE9EF2200EA93E6 /* nanquan_icon@2x.jpg */,
				74D483891CE9EF2200EA93E6 /* wf@2x.jpg */,
				74D4838A1CE9EF2200EA93E6 /* wf_icon@2x.jpg */,
				74D4838B1CE9EF2200EA93E6 /* zxy@2x.jpg */,
				74D4838C1CE9EF2200EA93E6 /* zxy_icon@2x.jpg */,
			);
			path = Images;
			sourceTree = "<group>";
		};
		74D4838D1CE9EF2200EA93E6 /* Lrcs */ = {
			isa = PBXGroup;
			children = (
				74D4838E1CE9EF2200EA93E6 /* 10405520.lrc */,
				74D4838F1CE9EF2200EA93E6 /* 10736444.lrc */,
				74D483901CE9EF2200EA93E6 /* 120125029.lrc */,
				74D483911CE9EF2200EA93E6 /* 12309111.lrc */,
				74D483921CE9EF2200EA93E6 /* 14945107.lrc */,
				74D483931CE9EF2200EA93E6 /* 235319.lrc */,
				74D483941CE9EF2200EA93E6 /* 255319.lrc */,
				74D483951CE9EF2200EA93E6 /* 309769.lrc */,
				74D483961CE9EF2200EA93E6 /* 339744.lrc */,
				74D483971CE9EF2200EA93E6 /* 月半小夜曲.lrc */,
			);
			path = Lrcs;
			sourceTree = "<group>";
		};
		74D483981CE9EF2200EA93E6 /* MP3s */ = {
			isa = PBXGroup;
			children = (
				74D483991CE9EF2200EA93E6 /* 10405520.mp3 */,
				74D4839A1CE9EF2200EA93E6 /* 10736444.mp3 */,
				74D4839B1CE9EF2200EA93E6 /* 1201111234.mp3 */,
				74D4839C1CE9EF2200EA93E6 /* 120125029.mp3 */,
				74D4839D1CE9EF2200EA93E6 /* 12309111.mp3 */,
				74D4839E1CE9EF2200EA93E6 /* 14945107.mp3 */,
				74D4839F1CE9EF2200EA93E6 /* 235319.mp3 */,
				74D483A01CE9EF2200EA93E6 /* 255319.mp3 */,
				74D483A11CE9EF2200EA93E6 /* 309769.mp3 */,
				74D483A21CE9EF2200EA93E6 /* 339744.mp3 */,
			);
			path = MP3s;
			sourceTree = "<group>";
		};
		74D483DB1CEA0F1500EA93E6 /* Resource */ = {
			isa = PBXGroup;
			children = (
				74D483601CE9E96900EA93E6 /* Info.plist */,
				74D483771CE9EF2200EA93E6 /* QQResources */,
			);
			name = Resource;
			sourceTree = "<group>";
		};
/* End PBXGroup section */

/* Begin PBXNativeTarget section */
		74D483501CE9E96900EA93E6 /* QQMusic */ = {
			isa = PBXNativeTarget;
			buildConfigurationList = 74D483631CE9E96900EA93E6 /* Build configuration list for PBXNativeTarget "QQMusic" */;
			buildPhases = (
				74D4834D1CE9E96900EA93E6 /* Sources */,
				74D4834E1CE9E96900EA93E6 /* Frameworks */,
				74D4834F1CE9E96900EA93E6 /* Resources */,
			);
			buildRules = (
			);
			dependencies = (
			);
			name = QQMusic;
			productName = QQMusic;
			productReference = 74D483511CE9E96900EA93E6 /* QQMusic.app */;
			productType = "com.apple.product-type.application";
		};
/* End PBXNativeTarget section */

/* Begin PBXProject section */
		74D483491CE9E96900EA93E6 /* Project object */ = {
			isa = PBXProject;
			attributes = {
				LastSwiftUpdateCheck = 0730;
				LastUpgradeCheck = 0730;
				ORGANIZATIONNAME = chen;
				TargetAttributes = {
					74D483501CE9E96900EA93E6 = {
						CreatedOnToolsVersion = 7.3.1;
						DevelopmentTeam = Z8QN7246A5;
						SystemCapabilities = {
							com.apple.BackgroundModes = {
								enabled = 1;
							};
						};
					};
				};
			};
			buildConfigurationList = 74D4834C1CE9E96900EA93E6 /* Build configuration list for PBXProject "QQMusic" */;
			compatibilityVersion = "Xcode 3.2";
			developmentRegion = English;
			hasScannedForEncodings = 0;
			knownRegions = (
				en,
				Base,
			);
			mainGroup = 74D483481CE9E96900EA93E6;
			productRefGroup = 74D483521CE9E96900EA93E6 /* Products */;
			projectDirPath = "";
			projectRoot = "";
			targets = (
				74D483501CE9E96900EA93E6 /* QQMusic */,
			);
		};
/* End PBXProject section */

/* Begin PBXResourcesBuildPhase section */
		74D4834F1CE9E96900EA93E6 /* Resources */ = {
			isa = PBXResourcesBuildPhase;
			buildActionMask = 2147483647;
			files = (
				74D483BE1CE9EF2200EA93E6 /* 255319.lrc in Resources */,
				74D483B91CE9EF2200EA93E6 /* 10736444.lrc in Resources */,
				74D483C61CE9EF2200EA93E6 /* 12309111.mp3 in Resources */,
				74D483B31CE9EF2200EA93E6 /* nanquan_icon@2x.jpg in Resources */,
				74D483AD1CE9EF2200EA93E6 /* jj_icon@2x.png in Resources */,
				74D483C41CE9EF2200EA93E6 /* 1201111234.mp3 in Resources */,
				74D483CC1CE9EF2200EA93E6 /* Musics.plist in Resources */,
				74D483C31CE9EF2200EA93E6 /* 10736444.mp3 in Resources */,
				74D483D21CE9F7ED00EA93E6 /* QQListBack.jpg in Resources */,
				74D483AB1CE9EF2200EA93E6 /* jay_icon@2x.png in Resources */,
				74D483C71CE9EF2200EA93E6 /* 14945107.mp3 in Resources */,
				74D483A51CE9EF2200EA93E6 /* bb_icon@2x.jpg in Resources */,
				74D483B81CE9EF2200EA93E6 /* 10405520.lrc in Resources */,
				74D483AF1CE9EF2200EA93E6 /* kzxd_icon@2x.jpg in Resources */,
				74D483AA1CE9EF2200EA93E6 /* jay@2x.jpg in Resources */,
				74D4835F1CE9E96900EA93E6 /* LaunchScreen.storyboard in Resources */,
				74D483B71CE9EF2200EA93E6 /* zxy_icon@2x.jpg in Resources */,
				74D483C91CE9EF2200EA93E6 /* 255319.mp3 in Resources */,
				74D483B41CE9EF2200EA93E6 /* wf@2x.jpg in Resources */,
				74D483A61CE9EF2200EA93E6 /* dzq@2x.jpg in Resources */,
				74D483B51CE9EF2200EA93E6 /* wf_icon@2x.jpg in Resources */,
				74D483A91CE9EF2200EA93E6 /* eason_icon@2x.jpg in Resources */,
				74D483C51CE9EF2200EA93E6 /* 120125029.mp3 in Resources */,
				74D483C21CE9EF2200EA93E6 /* 10405520.mp3 in Resources */,
				74D483AE1CE9EF2200EA93E6 /* kzxd@2x.jpg in Resources */,
				74D483B11CE9EF2200EA93E6 /* lkq_icon@2x.jpg in Resources */,
				74D483C81CE9EF2200EA93E6 /* 235319.mp3 in Resources */,
				74D483BB1CE9EF2200EA93E6 /* 12309111.lrc in Resources */,
				74D483AC1CE9EF2200EA93E6 /* jj@2x.jpg in Resources */,
				74D483B61CE9EF2200EA93E6 /* zxy@2x.jpg in Resources */,
				74D483A81CE9EF2200EA93E6 /* eason@2x.jpg in Resources */,
				74E0E5071CEB6D5E00C4F554 /* QQLrcCell.xib in Resources */,
				74D483B01CE9EF2200EA93E6 /* lkq@2x.jpg in Resources */,
				74D483BF1CE9EF2200EA93E6 /* 309769.lrc in Resources */,
				74D483C01CE9EF2200EA93E6 /* 339744.lrc in Resources */,
				74D483C11CE9EF2200EA93E6 /* 月半小夜曲.lrc in Resources */,
				74D483A71CE9EF2200EA93E6 /* dzq_icon@2x.jpg in Resources */,
				74D483BC1CE9EF2200EA93E6 /* 14945107.lrc in Resources */,
				74D483DA1CE9FD7500EA93E6 /* QQMusicListCell.xib in Resources */,
				74D4835C1CE9E96900EA93E6 /* Assets.xcassets in Resources */,
				74D483CA1CE9EF2200EA93E6 /* 309769.mp3 in Resources */,
				74D483BA1CE9EF2200EA93E6 /* 120125029.lrc in Resources */,
				74D483A41CE9EF2200EA93E6 /* bb@2x.jpg in Resources */,
				74D483BD1CE9EF2200EA93E6 /* 235319.lrc in Resources */,
				74D4835A1CE9E96900EA93E6 /* Main.storyboard in Resources */,
				74D483B21CE9EF2200EA93E6 /* nanquan@2x.jpg in Resources */,
				74D483CB1CE9EF2200EA93E6 /* 339744.mp3 in Resources */,
			);
			runOnlyForDeploymentPostprocessing = 0;
		};
/* End PBXResourcesBuildPhase section */

/* Begin PBXSourcesBuildPhase section */
		74D4834D1CE9E96900EA93E6 /* Sources */ = {
			isa = PBXSourcesBuildPhase;
			buildActionMask = 2147483647;
			files = (
				74D483D61CE9FD0800EA93E6 /* UIView+Extension.m in Sources */,
				7483607B1CEBFEDE00D54EC2 /* QQLrcLabel.swift in Sources */,
				74D483FE1CEA29BB00EA93E6 /* QQMusicOperationTool.swift in Sources */,
				74D483D91CE9FD7500EA93E6 /* QQMusicListCell.swift in Sources */,
				74D483761CE9EB3200EA93E6 /* QQDetailVC.swift in Sources */,
				74E0E5011CEB6BBE00C4F554 /* QQLrcDataTool.swift in Sources */,
				74D483D01CE9EFB800EA93E6 /* QQMusicDataTool.swift in Sources */,
				74E0E4FF1CEB6B2800C4F554 /* QQLrcModel.swift in Sources */,
				74D483CE1CE9EFA600EA93E6 /* QQMusicModel.swift in Sources */,
				74D483FC1CEA27BA00EA93E6 /* QQMusicTool.swift in Sources */,
				7411DFC21CEB599C00F7C97B /* QQTimeTool.swift in Sources */,
				74E0E4FB1CEB674300C4F554 /* CALayer+sz.swift in Sources */,
				74D483551CE9E96900EA93E6 /* AppDelegate.swift in Sources */,
				74D483741CE9EB1800EA93E6 /* QQListTVC.swift in Sources */,
				74E0E5061CEB6D5E00C4F554 /* QQLrcCell.swift in Sources */,
				747185B01CEC115C00EDF4A5 /* QQImageTool.swift in Sources */,
				7411DFC01CEB564B00F7C97B /* QQMusicMessageModel.swift in Sources */,
				74E0E4FD1CEB6A4600C4F554 /* QQLrcTVC.swift in Sources */,
			);
			runOnlyForDeploymentPostprocessing = 0;
		};
/* End PBXSourcesBuildPhase section */

/* Begin PBXVariantGroup section */
		74D483581CE9E96900EA93E6 /* Main.storyboard */ = {
			isa = PBXVariantGroup;
			children = (
				74D483591CE9E96900EA93E6 /* Base */,
			);
			name = Main.storyboard;
			sourceTree = "<group>";
		};
		74D4835D1CE9E96900EA93E6 /* LaunchScreen.storyboard */ = {
			isa = PBXVariantGroup;
			children = (
				74D4835E1CE9E96900EA93E6 /* Base */,
			);
			name = LaunchScreen.storyboard;
			sourceTree = "<group>";
		};
/* End PBXVariantGroup section */

/* Begin XCBuildConfiguration section */
		74D483611CE9E96900EA93E6 /* Debug */ = {
			isa = XCBuildConfiguration;
			buildSettings = {
				ALWAYS_SEARCH_USER_PATHS = NO;
				CLANG_ANALYZER_NONNULL = YES;
				CLANG_CXX_LANGUAGE_STANDARD = "gnu++0x";
				CLANG_CXX_LIBRARY = "libc++";
				CLANG_ENABLE_MODULES = YES;
				CLANG_ENABLE_OBJC_ARC = YES;
				CLANG_WARN_BOOL_CONVERSION = YES;
				CLANG_WARN_CONSTANT_CONVERSION = YES;
				CLANG_WARN_DIRECT_OBJC_ISA_USAGE = YES_ERROR;
				CLANG_WARN_EMPTY_BODY = YES;
				CLANG_WARN_ENUM_CONVERSION = YES;
				CLANG_WARN_INT_CONVERSION = YES;
				CLANG_WARN_OBJC_ROOT_CLASS = YES_ERROR;
				CLANG_WARN_UNREACHABLE_CODE = YES;
				CLANG_WARN__DUPLICATE_METHOD_MATCH = YES;
				"CODE_SIGN_IDENTITY[sdk=iphoneos*]" = "iPhone Developer";
				COPY_PHASE_STRIP = NO;
				DEBUG_INFORMATION_FORMAT = dwarf;
				ENABLE_STRICT_OBJC_MSGSEND = YES;
				ENABLE_TESTABILITY = YES;
				GCC_C_LANGUAGE_STANDARD = gnu99;
				GCC_DYNAMIC_NO_PIC = NO;
				GCC_NO_COMMON_BLOCKS = YES;
				GCC_OPTIMIZATION_LEVEL = 0;
				GCC_PREPROCESSOR_DEFINITIONS = (
					"DEBUG=1",
					"$(inherited)",
				);
				GCC_WARN_64_TO_32_BIT_CONVERSION = YES;
				GCC_WARN_ABOUT_RETURN_TYPE = YES_ERROR;
				GCC_WARN_UNDECLARED_SELECTOR = YES;
				GCC_WARN_UNINITIALIZED_AUTOS = YES_AGGRESSIVE;
				GCC_WARN_UNUSED_FUNCTION = YES;
				GCC_WARN_UNUSED_VARIABLE = YES;
				IPHONEOS_DEPLOYMENT_TARGET = 9.3;
				MTL_ENABLE_DEBUG_INFO = YES;
				ONLY_ACTIVE_ARCH = YES;
				SDKROOT = iphoneos;
				SWIFT_OPTIMIZATION_LEVEL = "-Onone";
			};
			name = Debug;
		};
		74D483621CE9E96900EA93E6 /* Release */ = {
			isa = XCBuildConfiguration;
			buildSettings = {
				ALWAYS_SEARCH_USER_PATHS = NO;
				CLANG_ANALYZER_NONNULL = YES;
				CLANG_CXX_LANGUAGE_STANDARD = "gnu++0x";
				CLANG_CXX_LIBRARY = "libc++";
				CLANG_ENABLE_MODULES = YES;
				CLANG_ENABLE_OBJC_ARC = YES;
				CLANG_WARN_BOOL_CONVERSION = YES;
				CLANG_WARN_CONSTANT_CONVERSION = YES;
				CLANG_WARN_DIRECT_OBJC_ISA_USAGE = YES_ERROR;
				CLANG_WARN_EMPTY_BODY = YES;
				CLANG_WARN_ENUM_CONVERSION = YES;
				CLANG_WARN_INT_CONVERSION = YES;
				CLANG_WARN_OBJC_ROOT_CLASS = YES_ERROR;
				CLANG_WARN_UNREACHABLE_CODE = YES;
				CLANG_WARN__DUPLICATE_METHOD_MATCH = YES;
				"CODE_SIGN_IDENTITY[sdk=iphoneos*]" = "iPhone Developer";
				COPY_PHASE_STRIP = NO;
				DEBUG_INFORMATION_FORMAT = "dwarf-with-dsym";
				ENABLE_NS_ASSERTIONS = NO;
				ENABLE_STRICT_OBJC_MSGSEND = YES;
				GCC_C_LANGUAGE_STANDARD = gnu99;
				GCC_NO_COMMON_BLOCKS = YES;
				GCC_WARN_64_TO_32_BIT_CONVERSION = YES;
				GCC_WARN_ABOUT_RETURN_TYPE = YES_ERROR;
				GCC_WARN_UNDECLARED_SELECTOR = YES;
				GCC_WARN_UNINITIALIZED_AUTOS = YES_AGGRESSIVE;
				GCC_WARN_UNUSED_FUNCTION = YES;
				GCC_WARN_UNUSED_VARIABLE = YES;
				IPHONEOS_DEPLOYMENT_TARGET = 9.3;
				MTL_ENABLE_DEBUG_INFO = NO;
				SDKROOT = iphoneos;
				VALIDATE_PRODUCT = YES;
			};
			name = Release;
		};
		74D483641CE9E96900EA93E6 /* Debug */ = {
			isa = XCBuildConfiguration;
			buildSettings = {
				ASSETCATALOG_COMPILER_APPICON_NAME = AppIcon;
				ASSETCATALOG_COMPILER_LAUNCHIMAGE_NAME = "Brand Assets";
				CLANG_ENABLE_MODULES = YES;
				CODE_SIGN_IDENTITY = "iPhone Developer";
				"CODE_SIGN_IDENTITY[sdk=iphoneos*]" = "iPhone Developer";
				INFOPLIST_FILE = QQMusic/Info.plist;
				IPHONEOS_DEPLOYMENT_TARGET = 9.0;
				LD_RUNPATH_SEARCH_PATHS = "$(inherited) @executable_path/Frameworks";
				PRODUCT_BUNDLE_IDENTIFIER = com.2323.QQMusic;
				PRODUCT_NAME = "$(TARGET_NAME)";
				PROVISIONING_PROFILE = "";
				SWIFT_OBJC_BRIDGING_HEADER = "QQMusic/Classes/Other/Category/QQMusic-Bridging-Header.h";
				SWIFT_OPTIMIZATION_LEVEL = "-Onone";
			};
			name = Debug;
		};
		74D483651CE9E96900EA93E6 /* Release */ = {
			isa = XCBuildConfiguration;
			buildSettings = {
				ASSETCATALOG_COMPILER_APPICON_NAME = AppIcon;
				ASSETCATALOG_COMPILER_LAUNCHIMAGE_NAME = "Brand Assets";
				CLANG_ENABLE_MODULES = YES;
				CODE_SIGN_IDENTITY = "iPhone Developer";
				"CODE_SIGN_IDENTITY[sdk=iphoneos*]" = "iPhone Developer";
				INFOPLIST_FILE = QQMusic/Info.plist;
				IPHONEOS_DEPLOYMENT_TARGET = 9.0;
				LD_RUNPATH_SEARCH_PATHS = "$(inherited) @executable_path/Frameworks";
				PRODUCT_BUNDLE_IDENTIFIER = com.2323.QQMusic;
				PRODUCT_NAME = "$(TARGET_NAME)";
				PROVISIONING_PROFILE = "";
				SWIFT_OBJC_BRIDGING_HEADER = "QQMusic/Classes/Other/Category/QQMusic-Bridging-Header.h";
			};
			name = Release;
		};
/* End XCBuildConfiguration section */

/* Begin XCConfigurationList section */
		74D4834C1CE9E96900EA93E6 /* Build configuration list for PBXProject "QQMusic" */ = {
			isa = XCConfigurationList;
			buildConfigurations = (
				74D483611CE9E96900EA93E6 /* Debug */,
				74D483621CE9E96900EA93E6 /* Release */,
			);
			defaultConfigurationIsVisible = 0;
			defaultConfigurationName = Release;
		};
		74D483631CE9E96900EA93E6 /* Build configuration list for PBXNativeTarget "QQMusic" */ = {
			isa = XCConfigurationList;
			buildConfigurations = (
				74D483641CE9E96900EA93E6 /* Debug */,
				74D483651CE9E96900EA93E6 /* Release */,
			);
			defaultConfigurationIsVisible = 0;
			defaultConfigurationName = Release;
		};
/* End XCConfigurationList section */
	};
	rootObject = 74D483491CE9E96900EA93E6 /* Project object */;
}
